
Microsoft Visual Studio Solution File, Format Version 12.00
# Visual Studio 15
VisualStudioVersion = 15.0.26430.4
MinimumVisualStudioVersion = 10.0.40219.1
Project("{FAE04EC0-301F-11D3-BF4B-00C04F79EFBC}") = "TSSTRouter", "TSSTRouter\TSSTRouter.csproj", "{DE73B9C6-913E-45A2-BD19-399FC1F35062}"
EndProject
Project("{FAE04EC0-301F-11D3-BF4B-00C04F79EFBC}") = "NHLF", "NHLF\NHLF.csproj", "{25CD886A-1714-4E02-B6E7-DE3360CA3C86}"
EndProject
Project("{FAE04EC0-301F-11D3-BF4B-00C04F79EFBC}") = "MPLS", "MPLS\MPLS.csproj", "{622A4DC4-C688-4B77-AB29-64A1C41A0C85}"
EndProject
Project("{FAE04EC0-301F-11D3-BF4B-00C04F79EFBC}") = "Communications", "Communications\Communications.csproj", "{7A62C3E6-4EA0-4DE5-9F6A-4162F212416A}"
EndProject
Project("{FAE04EC0-301F-11D3-BF4B-00C04F79EFBC}") = "LRMcommunications", "LRMcommunications\LRMcommunications.csproj", "{C47C44CD-47C7-470B-9071-BBD0BC782AA6}"
EndProject
Project("{FAE04EC0-301F-11D3-BF4B-00C04F79EFBC}") = "NHLFCommunications", "NHLFCommunications\NHLFCommunications.csproj", "{DAFA3D17-2C99-4EEC-B378-D107AD933917}"
EndProject
Project("{FAE04EC0-301F-11D3-BF4B-00C04F79EFBC}") = "LRMRCCommunications", "LRMRCCommunications\LRMRCCommunications.csproj", "{03CEDA4B-9DE4-4395-837A-98BF7E0806FD}"
EndProject
Global
	GlobalSection(SolutionConfigurationPlatforms) = preSolution
		Debug|Any CPU = Debug|Any CPU
		Release|Any CPU = Release|Any CPU
	EndGlobalSection
	GlobalSection(ProjectConfigurationPlatforms) = postSolution
		{DE73B9C6-913E-45A2-BD19-399FC1F35062}.Debug|Any CPU.ActiveCfg = Debug|Any CPU
		{DE73B9C6-913E-45A2-BD19-399FC1F35062}.Debug|Any CPU.Build.0 = Debug|Any CPU
		{DE73B9C6-913E-45A2-BD19-399FC1F35062}.Release|Any CPU.ActiveCfg = Release|Any CPU
		{DE73B9C6-913E-45A2-BD19-399FC1F35062}.Release|Any CPU.Build.0 = Release|Any CPU
		{25CD886A-1714-4E02-B6E7-DE3360CA3C86}.Debug|Any CPU.ActiveCfg = Debug|Any CPU
		{25CD886A-1714-4E02-B6E7-DE3360CA3C86}.Debug|Any CPU.Build.0 = Debug|Any CPU
		{25CD886A-1714-4E02-B6E7-DE3360CA3C86}.Release|Any CPU.ActiveCfg = Release|Any CPU
		{25CD886A-1714-4E02-B6E7-DE3360CA3C86}.Release|Any CPU.Build.0 = Release|Any CPU
		{622A4DC4-C688-4B77-AB29-64A1C41A0C85}.Debug|Any CPU.ActiveCfg = Debug|Any CPU
		{622A4DC4-C688-4B77-AB29-64A1C41A0C85}.Debug|Any CPU.Build.0 = Debug|Any CPU
		{622A4DC4-C688-4B77-AB29-64A1C41A0C85}.Release|Any CPU.ActiveCfg = Release|Any CPU
		{622A4DC4-C688-4B77-AB29-64A1C41A0C85}.Release|Any CPU.Build.0 = Release|Any CPU
		{7A62C3E6-4EA0-4DE5-9F6A-4162F212416A}.Debug|Any CPU.ActiveCfg = Debug|Any CPU
		{7A62C3E6-4EA0-4DE5-9F6A-4162F212416A}.Debug|Any CPU.Build.0 = Debug|Any CPU
		{7A62C3E6-4EA0-4DE5-9F6A-4162F212416A}.Release|Any CPU.ActiveCfg = Release|Any CPU
		{7A62C3E6-4EA0-4DE5-9F6A-4162F212416A}.Release|Any CPU.Build.0 = Release|Any CPU
		{C47C44CD-47C7-470B-9071-BBD0BC782AA6}.Debug|Any CPU.ActiveCfg = Debug|Any CPU
		{C47C44CD-47C7-470B-9071-BBD0BC782AA6}.Debug|Any CPU.Build.0 = Debug|Any CPU
		{C47C44CD-47C7-470B-9071-BBD0BC782AA6}.Release|Any CPU.ActiveCfg = Release|Any CPU
		{C47C44CD-47C7-470B-9071-BBD0BC782AA6}.Release|Any CPU.Build.0 = Release|Any CPU
		{DAFA3D17-2C99-4EEC-B378-D107AD933917}.Debug|Any CPU.ActiveCfg = Debug|Any CPU
		{DAFA3D17-2C99-4EEC-B378-D107AD933917}.Debug|Any CPU.Build.0 = Debug|Any CPU
		{DAFA3D17-2C99-4EEC-B378-D107AD933917}.Release|Any CPU.ActiveCfg = Release|Any CPU
		{DAFA3D17-2C99-4EEC-B378-D107AD933917}.Release|Any CPU.Build.0 = Release|Any CPU
		{03CEDA4B-9DE4-4395-837A-98BF7E0806FD}.Debug|Any CPU.ActiveCfg = Debug|Any CPU
		{03CEDA4B-9DE4-4395-837A-98BF7E0806FD}.Debug|Any CPU.Build.0 = Debug|Any CPU
		{03CEDA4B-9DE4-4395-837A-98BF7E0806FD}.Release|Any CPU.ActiveCfg = Release|Any CPU
		{03CEDA4B-9DE4-4395-837A-98BF7E0806FD}.Release|Any CPU.Build.0 = Release|Any CPU
	EndGlobalSection
	GlobalSection(SolutionProperties) = preSolution
		HideSolutionNode = FALSE
	EndGlobalSection
EndGlobal
